// !$*UTF8*$!
{
	archiveVersion = 1;
	classes = {
	};
	objectVersion = 56;
	objects = {

/* Begin PBXBuildFile section */
		AB611C6229C02E8F00FB8AF3 /* AppDelegate.swift in Sources */ = {isa = PBXBuildFile; fileRef = AB611C6129C02E8F00FB8AF3 /* AppDelegate.swift */; };
		AB611C6429C02E8F00FB8AF3 /* SceneDelegate.swift in Sources */ = {isa = PBXBuildFile; fileRef = AB611C6329C02E8F00FB8AF3 /* SceneDelegate.swift */; };
		AB611C6629C02E8F00FB8AF3 /* ViewController.swift in Sources */ = {isa = PBXBuildFile; fileRef = AB611C6529C02E8F00FB8AF3 /* ViewController.swift */; };
		AB611C6929C02E8F00FB8AF3 /* Main.storyboard in Resources */ = {isa = PBXBuildFile; fileRef = AB611C6729C02E8F00FB8AF3 /* Main.storyboard */; };
		AB611C6B29C02E9000FB8AF3 /* Assets.xcassets in Resources */ = {isa = PBXBuildFile; fileRef = AB611C6A29C02E9000FB8AF3 /* Assets.xcassets */; };
		AB611C6E29C02E9000FB8AF3 /* LaunchScreen.storyboard in Resources */ = {isa = PBXBuildFile; fileRef = AB611C6C29C02E9000FB8AF3 /* LaunchScreen.storyboard */; };
		AB611C7929C02E9000FB8AF3 /* CounterTests.swift in Sources */ = {isa = PBXBuildFile; fileRef = AB611C7829C02E9000FB8AF3 /* CounterTests.swift */; };
		AB611C8329C02E9000FB8AF3 /* CounterUITests.swift in Sources */ = {isa = PBXBuildFile; fileRef = AB611C8229C02E9000FB8AF3 /* CounterUITests.swift */; };
		AB611C8529C02E9000FB8AF3 /* CounterUITestsLaunchTests.swift in Sources */ = {isa = PBXBuildFile; fileRef = AB611C8429C02E9000FB8AF3 /* CounterUITestsLaunchTests.swift */; };
/* End PBXBuildFile section */

/* Begin PBXContainerItemProxy section */
		AB611C7529C02E9000FB8AF3 /* PBXContainerItemProxy */ = {
			isa = PBXContainerItemProxy;
			containerPortal = AB611C5629C02E8F00FB8AF3 /* Project object */;
			proxyType = 1;
			remoteGlobalIDString = AB611C5D29C02E8F00FB8AF3;
			remoteInfo = Counter;
		};
		AB611C7F29C02E9000FB8AF3 /* PBXContainerItemProxy */ = {
			isa = PBXContainerItemProxy;
			containerPortal = AB611C5629C02E8F00FB8AF3 /* Project object */;
			proxyType = 1;
			remoteGlobalIDString = AB611C5D29C02E8F00FB8AF3;
			remoteInfo = Counter;
		};
/* End PBXContainerItemProxy section */

/* Begin PBXFileReference section */
		AB611C5E29C02E8F00FB8AF3 /* Counter.app */ = {isa = PBXFileReference; explicitFileType = wrapper.application; includeInIndex = 0; path = Counter.app; sourceTree = BUILT_PRODUCTS_DIR; };
		AB611C6129C02E8F00FB8AF3 /* AppDelegate.swift */ = {isa = PBXFileReference; lastKnownFileType = sourcecode.swift; path = AppDelegate.swift; sourceTree = "<group>"; };
		AB611C6329C02E8F00FB8AF3 /* SceneDelegate.swift */ = {isa = PBXFileReference; lastKnownFileType = sourcecode.swift; path = SceneDelegate.swift; sourceTree = "<group>"; };
		AB611C6529C02E8F00FB8AF3 /* ViewController.swift */ = {isa = PBXFileReference; lastKnownFileType = sourcecode.swift; path = ViewController.swift; sourceTree = "<group>"; };
		AB611C6829C02E8F00FB8AF3 /* Base */ = {isa = PBXFileReference; lastKnownFileType = file.storyboard; name = Base; path = Base.lproj/Main.storyboard; sourceTree = "<group>"; };
		AB611C6A29C02E9000FB8AF3 /* Assets.xcassets */ = {isa = PBXFileReference; lastKnownFileType = folder.assetcatalog; path = Assets.xcassets; sourceTree = "<group>"; };
		AB611C6D29C02E9000FB8AF3 /* Base */ = {isa = PBXFileReference; lastKnownFileType = file.storyboard; name = Base; path = Base.lproj/LaunchScreen.storyboard; sourceTree = "<group>"; };
		AB611C6F29C02E9000FB8AF3 /* Info.plist */ = {isa = PBXFileReference; lastKnownFileType = text.plist.xml; path = Info.plist; sourceTree = "<group>"; };
		AB611C7429C02E9000FB8AF3 /* CounterTests.xctest */ = {isa = PBXFileReference; explicitFileType = wrapper.cfbundle; includeInIndex = 0; path = CounterTests.xctest; sourceTree = BUILT_PRODUCTS_DIR; };
		AB611C7829C02E9000FB8AF3 /* CounterTests.swift */ = {isa = PBXFileReference; lastKnownFileType = sourcecode.swift; path = CounterTests.swift; sourceTree = "<group>"; };
		AB611C7E29C02E9000FB8AF3 /* CounterUITests.xctest */ = {isa = PBXFileReference; explicitFileType = wrapper.cfbundle; includeInIndex = 0; path = CounterUITests.xctest; sourceTree = BUILT_PRODUCTS_DIR; };
		AB611C8229C02E9000FB8AF3 /* CounterUITests.swift */ = {isa = PBXFileReference; lastKnownFileType = sourcecode.swift; path = CounterUITests.swift; sourceTree = "<group>"; };
		AB611C8429C02E9000FB8AF3 /* CounterUITestsLaunchTests.swift */ = {isa = PBXFileReference; lastKnownFileType = sourcecode.swift; path = CounterUITestsLaunchTests.swift; sourceTree = "<group>"; };
/* End PBXFileReference section */

/* Begin PBXFrameworksBuildPhase section */
		AB611C5B29C02E8F00FB8AF3 /* Frameworks */ = {
			isa = PBXFrameworksBuildPhase;
			buildActionMask = 2147483647;
			files = (
			);
			runOnlyForDeploymentPostprocessing = 0;
		};
		AB611C7129C02E9000FB8AF3 /* Frameworks */ = {
			isa = PBXFrameworksBuildPhase;
			buildActionMask = 2147483647;
			files = (
			);
			runOnlyForDeploymentPostprocessing = 0;
		};
		AB611C7B29C02E9000FB8AF3 /* Frameworks */ = {
			isa = PBXFrameworksBuildPhase;
			buildActionMask = 2147483647;
			files = (
			);
			runOnlyForDeploymentPostprocessing = 0;
		};
/* End PBXFrameworksBuildPhase section */

/* Begin PBXGroup section */
		AB611C5529C02E8F00FB8AF3 = {
			isa = PBXGroup;
			children = (
				AB611C6029C02E8F00FB8AF3 /* Counter */,
				AB611C7729C02E9000FB8AF3 /* CounterTests */,
				AB611C8129C02E9000FB8AF3 /* CounterUITests */,
				AB611C5F29C02E8F00FB8AF3 /* Products */,
			);
			sourceTree = "<group>";
		};
		AB611C5F29C02E8F00FB8AF3 /* Products */ = {
			isa = PBXGroup;
			children = (
				AB611C5E29C02E8F00FB8AF3 /* Counter.app */,
				AB611C7429C02E9000FB8AF3 /* CounterTests.xctest */,
				AB611C7E29C02E9000FB8AF3 /* CounterUITests.xctest */,
			);
			name = Products;
			sourceTree = "<group>";
		};
		AB611C6029C02E8F00FB8AF3 /* Counter */ = {
			isa = PBXGroup;
			children = (
				AB611C6129C02E8F00FB8AF3 /* AppDelegate.swift */,
				AB611C6329C02E8F00FB8AF3 /* SceneDelegate.swift */,
				AB611C6529C02E8F00FB8AF3 /* ViewController.swift */,
				AB611C6729C02E8F00FB8AF3 /* Main.storyboard */,
				AB611C6A29C02E9000FB8AF3 /* Assets.xcassets */,
				AB611C6C29C02E9000FB8AF3 /* LaunchScreen.storyboard */,
				AB611C6F29C02E9000FB8AF3 /* Info.plist */,
			);
			path = Counter;
			sourceTree = "<group>";
		};
		AB611C7729C02E9000FB8AF3 /* CounterTests */ = {
			isa = PBXGroup;
			children = (
				AB611C7829C02E9000FB8AF3 /* CounterTests.swift */,
			);
			path = CounterTests;
			sourceTree = "<group>";
		};
		AB611C8129C02E9000FB8AF3 /* CounterUITests */ = {
			isa = PBXGroup;
			children = (
				AB611C8229C02E9000FB8AF3 /* CounterUITests.swift */,
				AB611C8429C02E9000FB8AF3 /* CounterUITestsLaunchTests.swift */,
			);
			path = CounterUITests;
			sourceTree = "<group>";
		};
/* End PBXGroup section */

/* Begin PBXNativeTarget section */
		AB611C5D29C02E8F00FB8AF3 /* Counter */ = {
			isa = PBXNativeTarget;
			buildConfigurationList = AB611C8829C02E9000FB8AF3 /* Build configuration list for PBXNativeTarget "Counter" */;
			buildPhases = (
				AB611C5A29C02E8F00FB8AF3 /* Sources */,
				AB611C5B29C02E8F00FB8AF3 /* Frameworks */,
				AB611C5C29C02E8F00FB8AF3 /* Resources */,
			);
			buildRules = (
			);
			dependencies = (
			);
			name = Counter;
			productName = Counter;
			productReference = AB611C5E29C02E8F00FB8AF3 /* Counter.app */;
			productType = "com.apple.product-type.application";
		};
		AB611C7329C02E9000FB8AF3 /* CounterTests */ = {
			isa = PBXNativeTarget;
			buildConfigurationList = AB611C8B29C02E9000FB8AF3 /* Build configuration list for PBXNativeTarget "CounterTests" */;
			buildPhases = (
				AB611C7029C02E9000FB8AF3 /* Sources */,
				AB611C7129C02E9000FB8AF3 /* Frameworks */,
				AB611C7229C02E9000FB8AF3 /* Resources */,
			);
			buildRules = (
			);
			dependencies = (
				AB611C7629C02E9000FB8AF3 /* PBXTargetDependency */,
			);
			name = CounterTests;
			productName = CounterTests;
			productReference = AB611C7429C02E9000FB8AF3 /* CounterTests.xctest */;
			productType = "com.apple.product-type.bundle.unit-test";
		};
		AB611C7D29C02E9000FB8AF3 /* CounterUITests */ = {
			isa = PBXNativeTarget;
			buildConfigurationList = AB611C8E29C02E9000FB8AF3 /* Build configuration list for PBXNativeTarget "CounterUITests" */;
			buildPhases = (
				AB611C7A29C02E9000FB8AF3 /* Sources */,
				AB611C7B29C02E9000FB8AF3 /* Frameworks */,
				AB611C7C29C02E9000FB8AF3 /* Resources */,
			);
			buildRules = (
			);
			dependencies = (
				AB611C8029C02E9000FB8AF3 /* PBXTargetDependency */,
			);
			name = CounterUITests;
			productName = CounterUITests;
			productReference = AB611C7E29C02E9000FB8AF3 /* CounterUITests.xctest */;
			productType = "com.apple.product-type.bundle.ui-testing";
		};
/* End PBXNativeTarget section */

/* Begin PBXProject section */
		AB611C5629C02E8F00FB8AF3 /* Project object */ = {
			isa = PBXProject;
			attributes = {
				BuildIndependentTargetsInParallel = 1;
				LastSwiftUpdateCheck = 1420;
				LastUpgradeCheck = 1420;
				TargetAttributes = {
					AB611C5D29C02E8F00FB8AF3 = {
						CreatedOnToolsVersion = 14.2;
					};
					AB611C7329C02E9000FB8AF3 = {
						CreatedOnToolsVersion = 14.2;
						TestTargetID = AB611C5D29C02E8F00FB8AF3;
					};
					AB611C7D29C02E9000FB8AF3 = {
						CreatedOnToolsVersion = 14.2;
						TestTargetID = AB611C5D29C02E8F00FB8AF3;
					};
				};
			};
			buildConfigurationList = AB611C5929C02E8F00FB8AF3 /* Build configuration list for PBXProject "Counter" */;
			compatibilityVersion = "Xcode 14.0";
			developmentRegion = en;
			hasScannedForEncodings = 0;
			knownRegions = (
				en,
				Base,
			);
			mainGroup = AB611C5529C02E8F00FB8AF3;
			productRefGroup = AB611C5F29C02E8F00FB8AF3 /* Products */;
			projectDirPath = "";
			projectRoot = "";
			targets = (
				AB611C5D29C02E8F00FB8AF3 /* Counter */,
				AB611C7329C02E9000FB8AF3 /* CounterTests */,
				AB611C7D29C02E9000FB8AF3 /* CounterUITests */,
			);
		};
/* End PBXProject section */

/* Begin PBXResourcesBuildPhase section */
		AB611C5C29C02E8F00FB8AF3 /* Resources */ = {
			isa = PBXResourcesBuildPhase;
			buildActionMask = 2147483647;
			files = (
				AB611C6E29C02E9000FB8AF3 /* LaunchScreen.storyboard in Resources */,
				AB611C6B29C02E9000FB8AF3 /* Assets.xcassets in Resources */,
				AB611C6929C02E8F00FB8AF3 /* Main.storyboard in Resources */,
			);
			runOnlyForDeploymentPostprocessing = 0;
		};
		AB611C7229C02E9000FB8AF3 /* Resources */ = {
			isa = PBXResourcesBuildPhase;
			buildActionMask = 2147483647;
			files = (
			);
			runOnlyForDeploymentPostprocessing = 0;
		};
		AB611C7C29C02E9000FB8AF3 /* Resources */ = {
			isa = PBXResourcesBuildPhase;
			buildActionMask = 2147483647;
			files = (
			);
			runOnlyForDeploymentPostprocessing = 0;
		};
/* End PBXResourcesBuildPhase section */

/* Begin PBXSourcesBuildPhase section */
		AB611C5A29C02E8F00FB8AF3 /* Sources */ = {
			isa = PBXSourcesBuildPhase;
			buildActionMask = 2147483647;
			files = (
				AB611C6629C02E8F00FB8AF3 /* ViewController.swift in Sources */,
				AB611C6229C02E8F00FB8AF3 /* AppDelegate.swift in Sources */,
				AB611C6429C02E8F00FB8AF3 /* SceneDelegate.swift in Sources */,
			);
			runOnlyForDeploymentPostprocessing = 0;
		};
		AB611C7029C02E9000FB8AF3 /* Sources */ = {
			isa = PBXSourcesBuildPhase;
			buildActionMask = 2147483647;
			files = (
				AB611C7929C02E9000FB8AF3 /* CounterTests.swift in Sources */,
			);
			runOnlyForDeploymentPostprocessing = 0;
		};
		AB611C7A29C02E9000FB8AF3 /* Sources */ = {
			isa = PBXSourcesBuildPhase;
			buildActionMask = 2147483647;
			files = (
				AB611C8329C02E9000FB8AF3 /* CounterUITests.swift in Sources */,
				AB611C8529C02E9000FB8AF3 /* CounterUITestsLaunchTests.swift in Sources */,
			);
			runOnlyForDeploymentPostprocessing = 0;
		};
/* End PBXSourcesBuildPhase section */

/* Begin PBXTargetDependency section */
		AB611C7629C02E9000FB8AF3 /* PBXTargetDependency */ = {
			isa = PBXTargetDependency;
			target = AB611C5D29C02E8F00FB8AF3 /* Counter */;
			targetProxy = AB611C7529C02E9000FB8AF3 /* PBXContainerItemProxy */;
		};
		AB611C8029C02E9000FB8AF3 /* PBXTargetDependency */ = {
			isa = PBXTargetDependency;
			target = AB611C5D29C02E8F00FB8AF3 /* Counter */;
			targetProxy = AB611C7F29C02E9000FB8AF3 /* PBXContainerItemProxy */;
		};
/* End PBXTargetDependency section */

/* Begin PBXVariantGroup section */
		AB611C6729C02E8F00FB8AF3 /* Main.storyboard */ = {
			isa = PBXVariantGroup;
			children = (
				AB611C6829C02E8F00FB8AF3 /* Base */,
			);
			name = Main.storyboard;
			sourceTree = "<group>";
		};
		AB611C6C29C02E9000FB8AF3 /* LaunchScreen.storyboard */ = {
			isa = PBXVariantGroup;
			children = (
				AB611C6D29C02E9000FB8AF3 /* Base */,
			);
			name = LaunchScreen.storyboard;
			sourceTree = "<group>";
		};
/* End PBXVariantGroup section */

/* Begin XCBuildConfiguration section */
		AB611C8629C02E9000FB8AF3 /* Debug */ = {
			isa = XCBuildConfiguration;
			buildSettings = {
				ALWAYS_SEARCH_USER_PATHS = NO;
				CLANG_ANALYZER_NONNULL = YES;
				CLANG_ANALYZER_NUMBER_OBJECT_CONVERSION = YES_AGGRESSIVE;
				CLANG_CXX_LANGUAGE_STANDARD = "gnu++20";
				CLANG_ENABLE_MODULES = YES;
				CLANG_ENABLE_OBJC_ARC = YES;
				CLANG_ENABLE_OBJC_WEAK = YES;
				CLANG_WARN_BLOCK_CAPTURE_AUTORELEASING = YES;
				CLANG_WARN_BOOL_CONVERSION = YES;
				CLANG_WARN_COMMA = YES;
				CLANG_WARN_CONSTANT_CONVERSION = YES;
				CLANG_WARN_DEPRECATED_OBJC_IMPLEMENTATIONS = YES;
				CLANG_WARN_DIRECT_OBJC_ISA_USAGE = YES_ERROR;
				CLANG_WARN_DOCUMENTATION_COMMENTS = YES;
				CLANG_WARN_EMPTY_BODY = YES;
				CLANG_WARN_ENUM_CONVERSION = YES;
				CLANG_WARN_INFINITE_RECURSION = YES;
				CLANG_WARN_INT_CONVERSION = YES;
				CLANG_WARN_NON_LITERAL_NULL_CONVERSION = YES;
				CLANG_WARN_OBJC_IMPLICIT_RETAIN_SELF = YES;
				CLANG_WARN_OBJC_LITERAL_CONVERSION = YES;
				CLANG_WARN_OBJC_ROOT_CLASS = YES_ERROR;
				CLANG_WARN_QUOTED_INCLUDE_IN_FRAMEWORK_HEADER = YES;
				CLANG_WARN_RANGE_LOOP_ANALYSIS = YES;
				CLANG_WARN_STRICT_PROTOTYPES = YES;
				CLANG_WARN_SUSPICIOUS_MOVE = YES;
				CLANG_WARN_UNGUARDED_AVAILABILITY = YES_AGGRESSIVE;
				CLANG_WARN_UNREACHABLE_CODE = YES;
				CLANG_WARN__DUPLICATE_METHOD_MATCH = YES;
				COPY_PHASE_STRIP = NO;
				DEBUG_INFORMATION_FORMAT = dwarf;
				ENABLE_STRICT_OBJC_MSGSEND = YES;
				ENABLE_TESTABILITY = YES;
				GCC_C_LANGUAGE_STANDARD = gnu11;
				GCC_DYNAMIC_NO_PIC = NO;
				GCC_NO_COMMON_BLOCKS = YES;
				GCC_OPTIMIZATION_LEVEL = 0;
				GCC_PREPROCESSOR_DEFINITIONS = (
					"DEBUG=1",
					"$(inherited)",
				);
				GCC_WARN_64_TO_32_BIT_CONVERSION = YES;
				GCC_WARN_ABOUT_RETURN_TYPE = YES_ERROR;
				GCC_WARN_UNDECLARED_SELECTOR = YES;
				GCC_WARN_UNINITIALIZED_AUTOS = YES_AGGRESSIVE;
				GCC_WARN_UNUSED_FUNCTION = YES;
				GCC_WARN_UNUSED_VARIABLE = YES;
				IPHONEOS_DEPLOYMENT_TARGET = 16.2;
				MTL_ENABLE_DEBUG_INFO = INCLUDE_SOURCE;
				MTL_FAST_MATH = YES;
				ONLY_ACTIVE_ARCH = YES;
				SDKROOT = iphoneos;
				SWIFT_ACTIVE_COMPILATION_CONDITIONS = DEBUG;
				SWIFT_OPTIMIZATION_LEVEL = "-Onone";
			};
			name = Debug;
		};
		AB611C8729C02E9000FB8AF3 /* Release */ = {
			isa = XCBuildConfiguration;
			buildSettings = {
				ALWAYS_SEARCH_USER_PATHS = NO;
				CLANG_ANALYZER_NONNULL = YES;
				CLANG_ANALYZER_NUMBER_OBJECT_CONVERSION = YES_AGGRESSIVE;
				CLANG_CXX_LANGUAGE_STANDARD = "gnu++20";
				CLANG_ENABLE_MODULES = YES;
				CLANG_ENABLE_OBJC_ARC = YES;
				CLANG_ENABLE_OBJC_WEAK = YES;
				CLANG_WARN_BLOCK_CAPTURE_AUTORELEASING = YES;
				CLANG_WARN_BOOL_CONVERSION = YES;
				CLANG_WARN_COMMA = YES;
				CLANG_WARN_CONSTANT_CONVERSION = YES;
				CLANG_WARN_DEPRECATED_OBJC_IMPLEMENTATIONS = YES;
				CLANG_WARN_DIRECT_OBJC_ISA_USAGE = YES_ERROR;
				CLANG_WARN_DOCUMENTATION_COMMENTS = YES;
				CLANG_WARN_EMPTY_BODY = YES;
				CLANG_WARN_ENUM_CONVERSION = YES;
				CLANG_WARN_INFINITE_RECURSION = YES;
				CLANG_WARN_INT_CONVERSION = YES;
				CLANG_WARN_NON_LITERAL_NULL_CONVERSION = YES;
				CLANG_WARN_OBJC_IMPLICIT_RETAIN_SELF = YES;
				CLANG_WARN_OBJC_LITERAL_CONVERSION = YES;
				CLANG_WARN_OBJC_ROOT_CLASS = YES_ERROR;
				CLANG_WARN_QUOTED_INCLUDE_IN_FRAMEWORK_HEADER = YES;
				CLANG_WARN_RANGE_LOOP_ANALYSIS = YES;
				CLANG_WARN_STRICT_PROTOTYPES = YES;
				CLANG_WARN_SUSPICIOUS_MOVE = YES;
				CLANG_WARN_UNGUARDED_AVAILABILITY = YES_AGGRESSIVE;
				CLANG_WARN_UNREACHABLE_CODE = YES;
				CLANG_WARN__DUPLICATE_METHOD_MATCH = YES;
				COPY_PHASE_STRIP = NO;
				DEBUG_INFORMATION_FORMAT = "dwarf-with-dsym";
				ENABLE_NS_ASSERTIONS = NO;
				ENABLE_STRICT_OBJC_MSGSEND = YES;
				GCC_C_LANGUAGE_STANDARD = gnu11;
				GCC_NO_COMMON_BLOCKS = YES;
				GCC_WARN_64_TO_32_BIT_CONVERSION = YES;
				GCC_WARN_ABOUT_RETURN_TYPE = YES_ERROR;
				GCC_WARN_UNDECLARED_SELECTOR = YES;
				GCC_WARN_UNINITIALIZED_AUTOS = YES_AGGRESSIVE;
				GCC_WARN_UNUSED_FUNCTION = YES;
				GCC_WARN_UNUSED_VARIABLE = YES;
				IPHONEOS_DEPLOYMENT_TARGET = 16.2;
				MTL_ENABLE_DEBUG_INFO = NO;
				MTL_FAST_MATH = YES;
				SDKROOT = iphoneos;
				SWIFT_COMPILATION_MODE = wholemodule;
				SWIFT_OPTIMIZATION_LEVEL = "-O";
				VALIDATE_PRODUCT = YES;
			};
			name = Release;
		};
		AB611C8929C02E9000FB8AF3 /* Debug */ = {
			isa = XCBuildConfiguration;
			buildSettings = {
				ASSETCATALOG_COMPILER_APPICON_NAME = AppIcon;
				ASSETCATALOG_COMPILER_GLOBAL_ACCENT_COLOR_NAME = AccentColor;
				CODE_SIGN_STYLE = Automatic;
				CURRENT_PROJECT_VERSION = 1;
				DEVELOPMENT_TEAM = XFSK538AV7;
				GENERATE_INFOPLIST_FILE = YES;
				INFOPLIST_FILE = Counter/Info.plist;
				INFOPLIST_KEY_UIApplicationSupportsIndirectInputEvents = YES;
				INFOPLIST_KEY_UILaunchStoryboardName = LaunchScreen;
				INFOPLIST_KEY_UIMainStoryboardFile = Main;
				INFOPLIST_KEY_UISupportedInterfaceOrientations_iPad = "UIInterfaceOrientationPortrait UIInterfaceOrientationPortraitUpsideDown UIInterfaceOrientationLandscapeLeft UIInterfaceOrientationLandscapeRight";
				INFOPLIST_KEY_UISupportedInterfaceOrientations_iPhone = "UIInterfaceOrientationPortrait UIInterfaceOrientationLandscapeLeft UIInterfaceOrientationLandscapeRight";
				LD_RUNPATH_SEARCH_PATHS = (
					"$(inherited)",
					"@executable_path/Frameworks",
				);
				MARKETING_VERSION = 1.0;
				PRODUCT_BUNDLE_IDENTIFIER = com.bva.Counter;
				PRODUCT_NAME = "$(TARGET_NAME)";
				SWIFT_EMIT_LOC_STRINGS = YES;
				SWIFT_VERSION = 5.0;
				TARGETED_DEVICE_FAMILY = "1,2";
			};
			name = Debug;
		};
		AB611C8A29C02E9000FB8AF3 /* Release */ = {
			isa = XCBuildConfiguration;
			buildSettings = {
				ASSETCATALOG_COMPILER_APPICON_NAME = AppIcon;
				ASSETCATALOG_COMPILER_GLOBAL_ACCENT_COLOR_NAME = AccentColor;
				CODE_SIGN_STYLE = Automatic;
				CURRENT_PROJECT_VERSION = 1;
				DEVELOPMENT_TEAM = XFSK538AV7;
				GENERATE_INFOPLIST_FILE = YES;
				INFOPLIST_FILE = Counter/Info.plist;
				INFOPLIST_KEY_UIApplicationSupportsIndirectInputEvents = YES;
				INFOPLIST_KEY_UILaunchStoryboardName = LaunchScreen;
				INFOPLIST_KEY_UIMainStoryboardFile = Main;
				INFOPLIST_KEY_UISupportedInterfaceOrientations_iPad = "UIInterfaceOrientationPortrait UIInterfaceOrientationPortraitUpsideDown UIInterfaceOrientationLandscapeLeft UIInterfaceOrientationLandscapeRight";
				INFOPLIST_KEY_UISupportedInterfaceOrientations_iPhone = "UIInterfaceOrientationPortrait UIInterfaceOrientationLandscapeLeft UIInterfaceOrientationLandscapeRight";
				LD_RUNPATH_SEARCH_PATHS = (
					"$(inherited)",
					"@executable_path/Frameworks",
				);
				MARKETING_VERSION = 1.0;
				PRODUCT_BUNDLE_IDENTIFIER = com.bva.Counter;
				PRODUCT_NAME = "$(TARGET_NAME)";
				SWIFT_EMIT_LOC_STRINGS = YES;
				SWIFT_VERSION = 5.0;
				TARGETED_DEVICE_FAMILY = "1,2";
			};
			name = Release;
		};
		AB611C8C29C02E9000FB8AF3 /* Debug */ = {
			isa = XCBuildConfiguration;
			buildSettings = {
				ALWAYS_EMBED_SWIFT_STANDARD_LIBRARIES = YES;
				BUNDLE_LOADER = "$(TEST_HOST)";
				CODE_SIGN_STYLE = Automatic;
				CURRENT_PROJECT_VERSION = 1;
				GENERATE_INFOPLIST_FILE = YES;
				IPHONEOS_DEPLOYMENT_TARGET = 16.2;
				MARKETING_VERSION = 1.0;
				PRODUCT_BUNDLE_IDENTIFIER = test.CounterTests;
				PRODUCT_NAME = "$(TARGET_NAME)";
				SWIFT_EMIT_LOC_STRINGS = NO;
				SWIFT_VERSION = 5.0;
				TARGETED_DEVICE_FAMILY = "1,2";
				TEST_HOST = "$(BUILT_PRODUCTS_DIR)/Counter.app/$(BUNDLE_EXECUTABLE_FOLDER_PATH)/Counter";
			};
			name = Debug;
		};
		AB611C8D29C02E9000FB8AF3 /* Release */ = {
			isa = XCBuildConfiguration;
			buildSettings = {
				ALWAYS_EMBED_SWIFT_STANDARD_LIBRARIES = YES;
				BUNDLE_LOADER = "$(TEST_HOST)";
				CODE_SIGN_STYLE = Automatic;
				CURRENT_PROJECT_VERSION = 1;
				GENERATE_INFOPLIST_FILE = YES;
				IPHONEOS_DEPLOYMENT_TARGET = 16.2;
				MARKETING_VERSION = 1.0;
				PRODUCT_BUNDLE_IDENTIFIER = test.CounterTests;
				PRODUCT_NAME = "$(TARGET_NAME)";
				SWIFT_EMIT_LOC_STRINGS = NO;
				SWIFT_VERSION = 5.0;
				TARGETED_DEVICE_FAMILY = "1,2";
				TEST_HOST = "$(BUILT_PRODUCTS_DIR)/Counter.app/$(BUNDLE_EXECUTABLE_FOLDER_PATH)/Counter";
			};
			name = Release;
		};
		AB611C8F29C02E9000FB8AF3 /* Debug */ = {
			isa = XCBuildConfiguration;
			buildSettings = {
				ALWAYS_EMBED_SWIFT_STANDARD_LIBRARIES = YES;
				CODE_SIGN_STYLE = Automatic;
				CURRENT_PROJECT_VERSION = 1;
				GENERATE_INFOPLIST_FILE = YES;
				MARKETING_VERSION = 1.0;
				PRODUCT_BUNDLE_IDENTIFIER = test.CounterUITests;
				PRODUCT_NAME = "$(TARGET_NAME)";
				SWIFT_EMIT_LOC_STRINGS = NO;
				SWIFT_VERSION = 5.0;
				TARGETED_DEVICE_FAMILY = "1,2";
				TEST_TARGET_NAME = Counter;
			};
			name = Debug;
		};
		AB611C9029C02E9000FB8AF3 /* Release */ = {
			isa = XCBuildConfiguration;
			buildSettings = {
				ALWAYS_EMBED_SWIFT_STANDARD_LIBRARIES = YES;
				CODE_SIGN_STYLE = Automatic;
				CURRENT_PROJECT_VERSION = 1;
				GENERATE_INFOPLIST_FILE = YES;
				MARKETING_VERSION = 1.0;
				PRODUCT_BUNDLE_IDENTIFIER = test.CounterUITests;
				PRODUCT_NAME = "$(TARGET_NAME)";
				SWIFT_EMIT_LOC_STRINGS = NO;
				SWIFT_VERSION = 5.0;
				TARGETED_DEVICE_FAMILY = "1,2";
				TEST_TARGET_NAME = Counter;
			};
			name = Release;
		};
/* End XCBuildConfiguration section */

/* Begin XCConfigurationList section */
		AB611C5929C02E8F00FB8AF3 /* Build configuration list for PBXProject "Counter" */ = {
			isa = XCConfigurationList;
			buildConfigurations = (
				AB611C8629C02E9000FB8AF3 /* Debug */,
				AB611C8729C02E9000FB8AF3 /* Release */,
			);
			defaultConfigurationIsVisible = 0;
			defaultConfigurationName = Release;
		};
		AB611C8829C02E9000FB8AF3 /* Build configuration list for PBXNativeTarget "Counter" */ = {
			isa = XCConfigurationList;
			buildConfigurations = (
				AB611C8929C02E9000FB8AF3 /* Debug */,
				AB611C8A29C02E9000FB8AF3 /* Release */,
			);
			defaultConfigurationIsVisible = 0;
			defaultConfigurationName = Release;
		};
		AB611C8B29C02E9000FB8AF3 /* Build configuration list for PBXNativeTarget "CounterTests" */ = {
			isa = XCConfigurationList;
			buildConfigurations = (
				AB611C8C29C02E9000FB8AF3 /* Debug */,
				AB611C8D29C02E9000FB8AF3 /* Release */,
			);
			defaultConfigurationIsVisible = 0;
			defaultConfigurationName = Release;
		};
		AB611C8E29C02E9000FB8AF3 /* Build configuration list for PBXNativeTarget "CounterUITests" */ = {
			isa = XCConfigurationList;
			buildConfigurations = (
				AB611C8F29C02E9000FB8AF3 /* Debug */,
				AB611C9029C02E9000FB8AF3 /* Release */,
			);
			defaultConfigurationIsVisible = 0;
			defaultConfigurationName = Release;
		};
/* End XCConfigurationList section */
	};
	rootObject = AB611C5629C02E8F00FB8AF3 /* Project object */;
}
